
Microsoft Visual Studio Solution File, Format Version 12.00
# Visual Studio Version 17
VisualStudioVersion = 17.5.002.0
MinimumVisualStudioVersion = 10.0.40219.1
Project("{9A19103F-16F7-4668-BE54-9A1E7A4F7556}") = "PierresTreatsAndFlavors", "PierresTreatsAndFlavors.csproj", "{037E5381-3118-4BBD-B522-021002253CEF}"
EndProject
Global
	GlobalSection(SolutionConfigurationPlatforms) = preSolution
		Debug|Any CPU = Debug|Any CPU
		Release|Any CPU = Release|Any CPU
	EndGlobalSection
	GlobalSection(ProjectConfigurationPlatforms) = postSolution
		{037E5381-3118-4BBD-B522-021002253CEF}.Debug|Any CPU.ActiveCfg = Debug|Any CPU
		{037E5381-3118-4BBD-B522-021002253CEF}.Debug|Any CPU.Build.0 = Debug|Any CPU
		{037E5381-3118-4BBD-B522-021002253CEF}.Release|Any CPU.ActiveCfg = Release|Any CPU
		{037E5381-3118-4BBD-B522-021002253CEF}.Release|Any CPU.Build.0 = Release|Any CPU
	EndGlobalSection
	GlobalSection(SolutionProperties) = preSolution
		HideSolutionNode = FALSE
	EndGlobalSection
	GlobalSection(ExtensibilityGlobals) = postSolution
		SolutionGuid = {D0054FC1-54E8-4FBA-A59F-4C3B8F15D0FD}
	EndGlobalSection
EndGlobal
